
Microsoft Visual Studio Solution File, Format Version 12.00
# Visual Studio Version 17
VisualStudioVersion = 17.2.32516.85
MinimumVisualStudioVersion = 10.0.40219.1
Project("{FAE04EC0-301F-11D3-BF4B-00C04F79EFBC}") = "MakeSafeCast", "MakeSafeCast\MakeSafeCast\MakeSafeCast.csproj", "{3A020BC7-F79E-42D1-A55C-DC0FE422551A}"
EndProject
Project("{FAE04EC0-301F-11D3-BF4B-00C04F79EFBC}") = "MakeSafeCast.CodeFixes", "MakeSafeCast\MakeSafeCast.CodeFixes\MakeSafeCast.CodeFixes.csproj", "{37E98E4A-F15B-41E2-82B5-8E99CE37AB44}"
EndProject
Project("{FAE04EC0-301F-11D3-BF4B-00C04F79EFBC}") = "MakeSafeCast.Package", "MakeSafeCast\MakeSafeCast.Package\MakeSafeCast.Package.csproj", "{630290A1-C1FA-4049-B1B5-D862CBE56C87}"
EndProject
Project("{FAE04EC0-301F-11D3-BF4B-00C04F79EFBC}") = "MakeSafeCast.Test", "MakeSafeCast\MakeSafeCast.Test\MakeSafeCast.Test.csproj", "{C7554F1C-B847-4087-B0C5-0D1865AB84BD}"
EndProject
Project("{FAE04EC0-301F-11D3-BF4B-00C04F79EFBC}") = "MakeSafeCast.Vsix", "MakeSafeCast\MakeSafeCast.Vsix\MakeSafeCast.Vsix.csproj", "{4D0B994E-6CC6-4D3F-922C-3A7CE543DD1B}"
EndProject
Global
	GlobalSection(SolutionConfigurationPlatforms) = preSolution
		Debug|Any CPU = Debug|Any CPU
		Release|Any CPU = Release|Any CPU
	EndGlobalSection
	GlobalSection(ProjectConfigurationPlatforms) = postSolution
		{3A020BC7-F79E-42D1-A55C-DC0FE422551A}.Debug|Any CPU.ActiveCfg = Debug|Any CPU
		{3A020BC7-F79E-42D1-A55C-DC0FE422551A}.Debug|Any CPU.Build.0 = Debug|Any CPU
		{3A020BC7-F79E-42D1-A55C-DC0FE422551A}.Release|Any CPU.ActiveCfg = Release|Any CPU
		{3A020BC7-F79E-42D1-A55C-DC0FE422551A}.Release|Any CPU.Build.0 = Release|Any CPU
		{37E98E4A-F15B-41E2-82B5-8E99CE37AB44}.Debug|Any CPU.ActiveCfg = Debug|Any CPU
		{37E98E4A-F15B-41E2-82B5-8E99CE37AB44}.Debug|Any CPU.Build.0 = Debug|Any CPU
		{37E98E4A-F15B-41E2-82B5-8E99CE37AB44}.Release|Any CPU.ActiveCfg = Release|Any CPU
		{37E98E4A-F15B-41E2-82B5-8E99CE37AB44}.Release|Any CPU.Build.0 = Release|Any CPU
		{630290A1-C1FA-4049-B1B5-D862CBE56C87}.Debug|Any CPU.ActiveCfg = Debug|Any CPU
		{630290A1-C1FA-4049-B1B5-D862CBE56C87}.Debug|Any CPU.Build.0 = Debug|Any CPU
		{630290A1-C1FA-4049-B1B5-D862CBE56C87}.Release|Any CPU.ActiveCfg = Release|Any CPU
		{630290A1-C1FA-4049-B1B5-D862CBE56C87}.Release|Any CPU.Build.0 = Release|Any CPU
		{C7554F1C-B847-4087-B0C5-0D1865AB84BD}.Debug|Any CPU.ActiveCfg = Debug|Any CPU
		{C7554F1C-B847-4087-B0C5-0D1865AB84BD}.Debug|Any CPU.Build.0 = Debug|Any CPU
		{C7554F1C-B847-4087-B0C5-0D1865AB84BD}.Release|Any CPU.ActiveCfg = Release|Any CPU
		{C7554F1C-B847-4087-B0C5-0D1865AB84BD}.Release|Any CPU.Build.0 = Release|Any CPU
		{4D0B994E-6CC6-4D3F-922C-3A7CE543DD1B}.Debug|Any CPU.ActiveCfg = Debug|Any CPU
		{4D0B994E-6CC6-4D3F-922C-3A7CE543DD1B}.Debug|Any CPU.Build.0 = Debug|Any CPU
		{4D0B994E-6CC6-4D3F-922C-3A7CE543DD1B}.Release|Any CPU.ActiveCfg = Release|Any CPU
		{4D0B994E-6CC6-4D3F-922C-3A7CE543DD1B}.Release|Any CPU.Build.0 = Release|Any CPU
	EndGlobalSection
	GlobalSection(SolutionProperties) = preSolution
		HideSolutionNode = FALSE
	EndGlobalSection
	GlobalSection(ExtensibilityGlobals) = postSolution
		SolutionGuid = {BAA1FD85-E8F6-40BB-B248-2EB521E91E2F}
	EndGlobalSection
EndGlobal
